
Microsoft Visual Studio Solution File, Format Version 12.00
# Visual Studio Version 17
VisualStudioVersion = 17.7.34018.315
MinimumVisualStudioVersion = 10.0.40219.1
Project("{FAE04EC0-301F-11D3-BF4B-00C04F79EFBC}") = "268. Missing Number", "268. Missing Number.csproj", "{B4B357C0-4AB8-4307-A412-8A17A475567D}"
EndProject
Global
	GlobalSection(SolutionConfigurationPlatforms) = preSolution
		Debug|Any CPU = Debug|Any CPU
		Release|Any CPU = Release|Any CPU
	EndGlobalSection
	GlobalSection(ProjectConfigurationPlatforms) = postSolution
		{B4B357C0-4AB8-4307-A412-8A17A475567D}.Debug|Any CPU.ActiveCfg = Debug|Any CPU
		{B4B357C0-4AB8-4307-A412-8A17A475567D}.Debug|Any CPU.Build.0 = Debug|Any CPU
		{B4B357C0-4AB8-4307-A412-8A17A475567D}.Release|Any CPU.ActiveCfg = Release|Any CPU
		{B4B357C0-4AB8-4307-A412-8A17A475567D}.Release|Any CPU.Build.0 = Release|Any CPU
	EndGlobalSection
	GlobalSection(SolutionProperties) = preSolution
		HideSolutionNode = FALSE
	EndGlobalSection
	GlobalSection(ExtensibilityGlobals) = postSolution
		SolutionGuid = {3CA9A64C-F268-4505-8E5A-9B93C358006D}
	EndGlobalSection
EndGlobal
