
Microsoft Visual Studio Solution File, Format Version 12.00
# Visual Studio Version 17
VisualStudioVersion = 17.4.33213.308
MinimumVisualStudioVersion = 10.0.40219.1
Project("{FAE04EC0-301F-11D3-BF4B-00C04F79EFBC}") = "1480. Running Sum of 1d Array", "1480. Running Sum of 1d Array.csproj", "{1C287259-5D78-4E1D-A674-92361062AECB}"
EndProject
Global
	GlobalSection(SolutionConfigurationPlatforms) = preSolution
		Debug|Any CPU = Debug|Any CPU
		Release|Any CPU = Release|Any CPU
	EndGlobalSection
	GlobalSection(ProjectConfigurationPlatforms) = postSolution
		{1C287259-5D78-4E1D-A674-92361062AECB}.Debug|Any CPU.ActiveCfg = Debug|Any CPU
		{1C287259-5D78-4E1D-A674-92361062AECB}.Debug|Any CPU.Build.0 = Debug|Any CPU
		{1C287259-5D78-4E1D-A674-92361062AECB}.Release|Any CPU.ActiveCfg = Release|Any CPU
		{1C287259-5D78-4E1D-A674-92361062AECB}.Release|Any CPU.Build.0 = Release|Any CPU
	EndGlobalSection
	GlobalSection(SolutionProperties) = preSolution
		HideSolutionNode = FALSE
	EndGlobalSection
	GlobalSection(ExtensibilityGlobals) = postSolution
		SolutionGuid = {200477A1-B40D-4FA8-AFB9-6098D47071BF}
	EndGlobalSection
EndGlobal
