
Microsoft Visual Studio Solution File, Format Version 12.00
# Visual Studio Version 17
VisualStudioVersion = 17.4.33205.214
MinimumVisualStudioVersion = 10.0.40219.1
Project("{9A19103F-16F7-4668-BE54-9A1E7A4F7556}") = "13. Roman to Integer", "13. Roman to Integer.csproj", "{C7D1FB32-739B-45EA-8A4E-17C1E7A52E5C}"
EndProject
Global
	GlobalSection(SolutionConfigurationPlatforms) = preSolution
		Debug|Any CPU = Debug|Any CPU
		Release|Any CPU = Release|Any CPU
	EndGlobalSection
	GlobalSection(ProjectConfigurationPlatforms) = postSolution
		{C7D1FB32-739B-45EA-8A4E-17C1E7A52E5C}.Debug|Any CPU.ActiveCfg = Debug|Any CPU
		{C7D1FB32-739B-45EA-8A4E-17C1E7A52E5C}.Debug|Any CPU.Build.0 = Debug|Any CPU
		{C7D1FB32-739B-45EA-8A4E-17C1E7A52E5C}.Release|Any CPU.ActiveCfg = Release|Any CPU
		{C7D1FB32-739B-45EA-8A4E-17C1E7A52E5C}.Release|Any CPU.Build.0 = Release|Any CPU
	EndGlobalSection
	GlobalSection(SolutionProperties) = preSolution
		HideSolutionNode = FALSE
	EndGlobalSection
	GlobalSection(ExtensibilityGlobals) = postSolution
		SolutionGuid = {30B1CA8C-BA8E-4736-BEDA-8683F30AC717}
	EndGlobalSection
EndGlobal
