
Microsoft Visual Studio Solution File, Format Version 12.00
# Visual Studio Version 17
VisualStudioVersion = 17.4.33213.308
MinimumVisualStudioVersion = 10.0.40219.1
Project("{FAE04EC0-301F-11D3-BF4B-00C04F79EFBC}") = "1790. Check if One String Swap Can Make Strings Equal", "1790. Check if One String Swap Can Make Strings Equal.csproj", "{243BEE56-CEA7-450C-89FF-E652AA15F271}"
EndProject
Global
	GlobalSection(SolutionConfigurationPlatforms) = preSolution
		Debug|Any CPU = Debug|Any CPU
		Release|Any CPU = Release|Any CPU
	EndGlobalSection
	GlobalSection(ProjectConfigurationPlatforms) = postSolution
		{243BEE56-CEA7-450C-89FF-E652AA15F271}.Debug|Any CPU.ActiveCfg = Debug|Any CPU
		{243BEE56-CEA7-450C-89FF-E652AA15F271}.Debug|Any CPU.Build.0 = Debug|Any CPU
		{243BEE56-CEA7-450C-89FF-E652AA15F271}.Release|Any CPU.ActiveCfg = Release|Any CPU
		{243BEE56-CEA7-450C-89FF-E652AA15F271}.Release|Any CPU.Build.0 = Release|Any CPU
	EndGlobalSection
	GlobalSection(SolutionProperties) = preSolution
		HideSolutionNode = FALSE
	EndGlobalSection
	GlobalSection(ExtensibilityGlobals) = postSolution
		SolutionGuid = {CE0E66D4-B845-4ED3-ACCE-3B4111122736}
	EndGlobalSection
EndGlobal
