
Microsoft Visual Studio Solution File, Format Version 12.00
# Visual Studio Version 17
VisualStudioVersion = 17.4.33213.308
MinimumVisualStudioVersion = 10.0.40219.1
Project("{FAE04EC0-301F-11D3-BF4B-00C04F79EFBC}") = "189. Rotate Array", "189. Rotate Array.csproj", "{02AF0FE2-C391-467B-A0F2-45330F63166E}"
EndProject
Global
	GlobalSection(SolutionConfigurationPlatforms) = preSolution
		Debug|Any CPU = Debug|Any CPU
		Release|Any CPU = Release|Any CPU
	EndGlobalSection
	GlobalSection(ProjectConfigurationPlatforms) = postSolution
		{02AF0FE2-C391-467B-A0F2-45330F63166E}.Debug|Any CPU.ActiveCfg = Debug|Any CPU
		{02AF0FE2-C391-467B-A0F2-45330F63166E}.Debug|Any CPU.Build.0 = Debug|Any CPU
		{02AF0FE2-C391-467B-A0F2-45330F63166E}.Release|Any CPU.ActiveCfg = Release|Any CPU
		{02AF0FE2-C391-467B-A0F2-45330F63166E}.Release|Any CPU.Build.0 = Release|Any CPU
	EndGlobalSection
	GlobalSection(SolutionProperties) = preSolution
		HideSolutionNode = FALSE
	EndGlobalSection
	GlobalSection(ExtensibilityGlobals) = postSolution
		SolutionGuid = {1AA87F0A-3DC6-4134-B927-607115966270}
	EndGlobalSection
EndGlobal
