
Microsoft Visual Studio Solution File, Format Version 12.00
# Visual Studio Version 17
VisualStudioVersion = 17.7.34024.191
MinimumVisualStudioVersion = 10.0.40219.1
Project("{FAE04EC0-301F-11D3-BF4B-00C04F79EFBC}") = "88. Merge Sorted Array", "88. Merge Sorted Array.csproj", "{21009BEE-24D8-42BD-9605-E5FBA3DC0024}"
EndProject
Global
	GlobalSection(SolutionConfigurationPlatforms) = preSolution
		Debug|Any CPU = Debug|Any CPU
		Release|Any CPU = Release|Any CPU
	EndGlobalSection
	GlobalSection(ProjectConfigurationPlatforms) = postSolution
		{21009BEE-24D8-42BD-9605-E5FBA3DC0024}.Debug|Any CPU.ActiveCfg = Debug|Any CPU
		{21009BEE-24D8-42BD-9605-E5FBA3DC0024}.Debug|Any CPU.Build.0 = Debug|Any CPU
		{21009BEE-24D8-42BD-9605-E5FBA3DC0024}.Release|Any CPU.ActiveCfg = Release|Any CPU
		{21009BEE-24D8-42BD-9605-E5FBA3DC0024}.Release|Any CPU.Build.0 = Release|Any CPU
	EndGlobalSection
	GlobalSection(SolutionProperties) = preSolution
		HideSolutionNode = FALSE
	EndGlobalSection
	GlobalSection(ExtensibilityGlobals) = postSolution
		SolutionGuid = {294AFAC7-C9B0-44E3-BF04-22111D6142FB}
	EndGlobalSection
EndGlobal
