
Microsoft Visual Studio Solution File, Format Version 12.00
# Visual Studio Version 17
VisualStudioVersion = 17.4.33213.308
MinimumVisualStudioVersion = 10.0.40219.1
Project("{FAE04EC0-301F-11D3-BF4B-00C04F79EFBC}") = "1365. How Many Numbers Are Smaller Than the Current Number", "1365. How Many Numbers Are Smaller Than the Current Number.csproj", "{BCCFA987-528E-46D3-846D-9ECB364CB261}"
EndProject
Global
	GlobalSection(SolutionConfigurationPlatforms) = preSolution
		Debug|Any CPU = Debug|Any CPU
		Release|Any CPU = Release|Any CPU
	EndGlobalSection
	GlobalSection(ProjectConfigurationPlatforms) = postSolution
		{BCCFA987-528E-46D3-846D-9ECB364CB261}.Debug|Any CPU.ActiveCfg = Debug|Any CPU
		{BCCFA987-528E-46D3-846D-9ECB364CB261}.Debug|Any CPU.Build.0 = Debug|Any CPU
		{BCCFA987-528E-46D3-846D-9ECB364CB261}.Release|Any CPU.ActiveCfg = Release|Any CPU
		{BCCFA987-528E-46D3-846D-9ECB364CB261}.Release|Any CPU.Build.0 = Release|Any CPU
	EndGlobalSection
	GlobalSection(SolutionProperties) = preSolution
		HideSolutionNode = FALSE
	EndGlobalSection
	GlobalSection(ExtensibilityGlobals) = postSolution
		SolutionGuid = {D5E13913-7F19-4FE5-AB67-758D2DC40601}
	EndGlobalSection
EndGlobal
