
Microsoft Visual Studio Solution File, Format Version 12.00
# Visual Studio Version 17
VisualStudioVersion = 17.4.33403.182
MinimumVisualStudioVersion = 10.0.40219.1
Project("{FAE04EC0-301F-11D3-BF4B-00C04F79EFBC}") = "4. Median of Two Sorted Arrays", "4. Median of Two Sorted Arrays.csproj", "{FADDEA8D-33AE-49D7-9097-A2A8844DBA42}"
EndProject
Global
	GlobalSection(SolutionConfigurationPlatforms) = preSolution
		Debug|Any CPU = Debug|Any CPU
		Release|Any CPU = Release|Any CPU
	EndGlobalSection
	GlobalSection(ProjectConfigurationPlatforms) = postSolution
		{FADDEA8D-33AE-49D7-9097-A2A8844DBA42}.Debug|Any CPU.ActiveCfg = Debug|Any CPU
		{FADDEA8D-33AE-49D7-9097-A2A8844DBA42}.Debug|Any CPU.Build.0 = Debug|Any CPU
		{FADDEA8D-33AE-49D7-9097-A2A8844DBA42}.Release|Any CPU.ActiveCfg = Release|Any CPU
		{FADDEA8D-33AE-49D7-9097-A2A8844DBA42}.Release|Any CPU.Build.0 = Release|Any CPU
	EndGlobalSection
	GlobalSection(SolutionProperties) = preSolution
		HideSolutionNode = FALSE
	EndGlobalSection
	GlobalSection(ExtensibilityGlobals) = postSolution
		SolutionGuid = {427919D8-BB15-4748-A119-C752D0C40AC2}
	EndGlobalSection
EndGlobal
