
Microsoft Visual Studio Solution File, Format Version 12.00
# Visual Studio Version 17
VisualStudioVersion = 17.7.34024.191
MinimumVisualStudioVersion = 10.0.40219.1
Project("{FAE04EC0-301F-11D3-BF4B-00C04F79EFBC}") = "80. Remove Duplicates from Sorted Array II", "80. Remove Duplicates from Sorted Array II.csproj", "{BF29EF98-11BB-4207-B211-347E7BA187BD}"
EndProject
Global
	GlobalSection(SolutionConfigurationPlatforms) = preSolution
		Debug|Any CPU = Debug|Any CPU
		Release|Any CPU = Release|Any CPU
	EndGlobalSection
	GlobalSection(ProjectConfigurationPlatforms) = postSolution
		{BF29EF98-11BB-4207-B211-347E7BA187BD}.Debug|Any CPU.ActiveCfg = Debug|Any CPU
		{BF29EF98-11BB-4207-B211-347E7BA187BD}.Debug|Any CPU.Build.0 = Debug|Any CPU
		{BF29EF98-11BB-4207-B211-347E7BA187BD}.Release|Any CPU.ActiveCfg = Release|Any CPU
		{BF29EF98-11BB-4207-B211-347E7BA187BD}.Release|Any CPU.Build.0 = Release|Any CPU
	EndGlobalSection
	GlobalSection(SolutionProperties) = preSolution
		HideSolutionNode = FALSE
	EndGlobalSection
	GlobalSection(ExtensibilityGlobals) = postSolution
		SolutionGuid = {8E875EB1-FE10-49A9-B4BA-77DA3D787858}
	EndGlobalSection
EndGlobal
