
Microsoft Visual Studio Solution File, Format Version 12.00
# Visual Studio Version 17
VisualStudioVersion = 17.4.33213.308
MinimumVisualStudioVersion = 10.0.40219.1
Project("{FAE04EC0-301F-11D3-BF4B-00C04F79EFBC}") = "724. Find Pivot Index", "724. Find Pivot Index.csproj", "{CE87D7AC-F553-4639-845A-2F3DB5FAB4F6}"
EndProject
Global
	GlobalSection(SolutionConfigurationPlatforms) = preSolution
		Debug|Any CPU = Debug|Any CPU
		Release|Any CPU = Release|Any CPU
	EndGlobalSection
	GlobalSection(ProjectConfigurationPlatforms) = postSolution
		{CE87D7AC-F553-4639-845A-2F3DB5FAB4F6}.Debug|Any CPU.ActiveCfg = Debug|Any CPU
		{CE87D7AC-F553-4639-845A-2F3DB5FAB4F6}.Debug|Any CPU.Build.0 = Debug|Any CPU
		{CE87D7AC-F553-4639-845A-2F3DB5FAB4F6}.Release|Any CPU.ActiveCfg = Release|Any CPU
		{CE87D7AC-F553-4639-845A-2F3DB5FAB4F6}.Release|Any CPU.Build.0 = Release|Any CPU
	EndGlobalSection
	GlobalSection(SolutionProperties) = preSolution
		HideSolutionNode = FALSE
	EndGlobalSection
	GlobalSection(ExtensibilityGlobals) = postSolution
		SolutionGuid = {0C2DD0E4-46AB-4702-A978-E152F71426D8}
	EndGlobalSection
EndGlobal
